
Microsoft Visual Studio Solution File, Format Version 12.00
# Visual Studio Version 17
VisualStudioVersion = 17.5.002.0
MinimumVisualStudioVersion = 10.0.40219.1
Project("{9A19103F-16F7-4668-BE54-9A1E7A4F7556}") = "ExpensesApi", "ExpensesApi\ExpensesApi.csproj", "{BAC59EA8-6424-4723-8381-42DDF700C68D}"
EndProject
Project("{FAE04EC0-301F-11D3-BF4B-00C04F79EFBC}") = "ExpensesApi.Tests", "ExpensesApi.Tests\ExpensesApi.Tests.csproj", "{24114E2D-4096-430A-BEF8-474B56D5FEDC}"
EndProject
Global
	GlobalSection(SolutionConfigurationPlatforms) = preSolution
		Debug|Any CPU = Debug|Any CPU
		Release|Any CPU = Release|Any CPU
	EndGlobalSection
	GlobalSection(ProjectConfigurationPlatforms) = postSolution
		{BAC59EA8-6424-4723-8381-42DDF700C68D}.Debug|Any CPU.ActiveCfg = Debug|Any CPU
		{BAC59EA8-6424-4723-8381-42DDF700C68D}.Debug|Any CPU.Build.0 = Debug|Any CPU
		{BAC59EA8-6424-4723-8381-42DDF700C68D}.Release|Any CPU.ActiveCfg = Release|Any CPU
		{BAC59EA8-6424-4723-8381-42DDF700C68D}.Release|Any CPU.Build.0 = Release|Any CPU
		{24114E2D-4096-430A-BEF8-474B56D5FEDC}.Debug|Any CPU.ActiveCfg = Debug|Any CPU
		{24114E2D-4096-430A-BEF8-474B56D5FEDC}.Debug|Any CPU.Build.0 = Debug|Any CPU
		{24114E2D-4096-430A-BEF8-474B56D5FEDC}.Release|Any CPU.ActiveCfg = Release|Any CPU
		{24114E2D-4096-430A-BEF8-474B56D5FEDC}.Release|Any CPU.Build.0 = Release|Any CPU
	EndGlobalSection
	GlobalSection(SolutionProperties) = preSolution
		HideSolutionNode = FALSE
	EndGlobalSection
	GlobalSection(ExtensibilityGlobals) = postSolution
		SolutionGuid = {D9754883-4999-472F-A195-AEAFDA7CF741}
	EndGlobalSection
EndGlobal
